
Microsoft Visual Studio Solution File, Format Version 12.00
# Visual Studio 14
VisualStudioVersion = 14.0.25420.1
MinimumVisualStudioVersion = 10.0.40219.1
Project("{8BC9CEB8-8B4A-11D0-8D11-00A0C91BC942}") = "TestCascadeCNN", "Test\TestCascadeCNN.vcxproj", "{55C118B4-2C62-4A19-842F-5416222E1EA1}"
EndProject
Project("{888888A0-9F3D-457C-B088-3A5042F75D52}") = "testPyCascadeCNN", "testPyCascadeCNN\testPyCascadeCNN.pyproj", "{291D6A4F-04F8-459B-BECA-580BA0E28FDE}"
EndProject
Project("{8BC9CEB8-8B4A-11D0-8D11-00A0C91BC942}") = "PyCascadeFaceDetection", "PyCascadeFaceDetection\PyCascadeFaceDetection.vcxproj", "{B4BD31E0-1A76-4A08-AECB-621D82DF5208}"
EndProject
Project("{8BC9CEB8-8B4A-11D0-8D11-00A0C91BC942}") = "MatCascadeFaceDetection", "MatCascadeFaceDetection\MatCascadeFaceDetection.vcxproj", "{D65BF31A-E16C-43B5-B343-5FC74541D365}"
EndProject
Global
	GlobalSection(SolutionConfigurationPlatforms) = preSolution
		Debug|Any CPU = Debug|Any CPU
		Debug|x64 = Debug|x64
		Debug|x86 = Debug|x86
		Release|Any CPU = Release|Any CPU
		Release|x64 = Release|x64
		Release|x86 = Release|x86
	EndGlobalSection
	GlobalSection(ProjectConfigurationPlatforms) = postSolution
		{55C118B4-2C62-4A19-842F-5416222E1EA1}.Debug|Any CPU.ActiveCfg = Debug|Win32
		{55C118B4-2C62-4A19-842F-5416222E1EA1}.Debug|x64.ActiveCfg = Debug|x64
		{55C118B4-2C62-4A19-842F-5416222E1EA1}.Debug|x64.Build.0 = Debug|x64
		{55C118B4-2C62-4A19-842F-5416222E1EA1}.Debug|x86.ActiveCfg = Debug|Win32
		{55C118B4-2C62-4A19-842F-5416222E1EA1}.Debug|x86.Build.0 = Debug|Win32
		{55C118B4-2C62-4A19-842F-5416222E1EA1}.Release|Any CPU.ActiveCfg = Release|Win32
		{55C118B4-2C62-4A19-842F-5416222E1EA1}.Release|x64.ActiveCfg = Release|x64
		{55C118B4-2C62-4A19-842F-5416222E1EA1}.Release|x64.Build.0 = Release|x64
		{55C118B4-2C62-4A19-842F-5416222E1EA1}.Release|x86.ActiveCfg = Release|Win32
		{55C118B4-2C62-4A19-842F-5416222E1EA1}.Release|x86.Build.0 = Release|Win32
		{291D6A4F-04F8-459B-BECA-580BA0E28FDE}.Debug|Any CPU.ActiveCfg = Debug|Any CPU
		{291D6A4F-04F8-459B-BECA-580BA0E28FDE}.Debug|x64.ActiveCfg = Debug|Any CPU
		{291D6A4F-04F8-459B-BECA-580BA0E28FDE}.Debug|x86.ActiveCfg = Debug|Any CPU
		{291D6A4F-04F8-459B-BECA-580BA0E28FDE}.Release|Any CPU.ActiveCfg = Release|Any CPU
		{291D6A4F-04F8-459B-BECA-580BA0E28FDE}.Release|x64.ActiveCfg = Release|Any CPU
		{291D6A4F-04F8-459B-BECA-580BA0E28FDE}.Release|x86.ActiveCfg = Release|Any CPU
		{B4BD31E0-1A76-4A08-AECB-621D82DF5208}.Debug|Any CPU.ActiveCfg = Debug|Win32
		{B4BD31E0-1A76-4A08-AECB-621D82DF5208}.Debug|x64.ActiveCfg = Debug|x64
		{B4BD31E0-1A76-4A08-AECB-621D82DF5208}.Debug|x64.Build.0 = Debug|x64
		{B4BD31E0-1A76-4A08-AECB-621D82DF5208}.Debug|x86.ActiveCfg = Debug|Win32
		{B4BD31E0-1A76-4A08-AECB-621D82DF5208}.Debug|x86.Build.0 = Debug|Win32
		{B4BD31E0-1A76-4A08-AECB-621D82DF5208}.Release|Any CPU.ActiveCfg = Release|Win32
		{B4BD31E0-1A76-4A08-AECB-621D82DF5208}.Release|x64.ActiveCfg = Release|x64
		{B4BD31E0-1A76-4A08-AECB-621D82DF5208}.Release|x64.Build.0 = Release|x64
		{B4BD31E0-1A76-4A08-AECB-621D82DF5208}.Release|x86.ActiveCfg = Release|Win32
		{B4BD31E0-1A76-4A08-AECB-621D82DF5208}.Release|x86.Build.0 = Release|Win32
		{D65BF31A-E16C-43B5-B343-5FC74541D365}.Debug|Any CPU.ActiveCfg = Debug|Win32
		{D65BF31A-E16C-43B5-B343-5FC74541D365}.Debug|x64.ActiveCfg = Debug|x64
		{D65BF31A-E16C-43B5-B343-5FC74541D365}.Debug|x64.Build.0 = Debug|x64
		{D65BF31A-E16C-43B5-B343-5FC74541D365}.Debug|x86.ActiveCfg = Debug|Win32
		{D65BF31A-E16C-43B5-B343-5FC74541D365}.Debug|x86.Build.0 = Debug|Win32
		{D65BF31A-E16C-43B5-B343-5FC74541D365}.Release|Any CPU.ActiveCfg = Release|Win32
		{D65BF31A-E16C-43B5-B343-5FC74541D365}.Release|x64.ActiveCfg = Release|x64
		{D65BF31A-E16C-43B5-B343-5FC74541D365}.Release|x64.Build.0 = Release|x64
		{D65BF31A-E16C-43B5-B343-5FC74541D365}.Release|x86.ActiveCfg = Release|Win32
		{D65BF31A-E16C-43B5-B343-5FC74541D365}.Release|x86.Build.0 = Release|Win32
	EndGlobalSection
	GlobalSection(SolutionProperties) = preSolution
		HideSolutionNode = FALSE
	EndGlobalSection
EndGlobal
